
Microsoft Visual Studio Solution File, Format Version 12.00
# Visual Studio Version 16
VisualStudioVersion = 16.0.30907.101
MinimumVisualStudioVersion = 10.0.40219.1
Project("{9A19103F-16F7-4668-BE54-9A1E7A4F7556}") = "Exercise Regular Expressions", "Exercise Regular Expressions\Exercise Regular Expressions.csproj", "{FA797B28-D948-4ACB-9502-302D90D6BD40}"
EndProject
Project("{9A19103F-16F7-4668-BE54-9A1E7A4F7556}") = "2. Race", "2. Race\2. Race.csproj", "{8A533FB3-61E4-4845-8815-361CFDD7FAA1}"
EndProject
Project("{9A19103F-16F7-4668-BE54-9A1E7A4F7556}") = "03. SoftUni Bar Income", "03. SoftUni Bar Income\03. SoftUni Bar Income.csproj", "{2939A676-77A3-43C2-9E4D-52E12293D427}"
EndProject
Project("{FAE04EC0-301F-11D3-BF4B-00C04F79EFBC}") = "4. Star Enigma", "4. Star Enigma\4. Star Enigma.csproj", "{7D313CD5-8DEB-44D0-AF1B-2A793DBCFCB8}"
EndProject
Project("{FAE04EC0-301F-11D3-BF4B-00C04F79EFBC}") = "6. Extract Emails", "6. Extract Emails\6. Extract Emails.csproj", "{F92A51D0-1427-4B58-8BA5-FBD2B8D8DB4C}"
EndProject
Global
	GlobalSection(SolutionConfigurationPlatforms) = preSolution
		Debug|Any CPU = Debug|Any CPU
		Release|Any CPU = Release|Any CPU
	EndGlobalSection
	GlobalSection(ProjectConfigurationPlatforms) = postSolution
		{FA797B28-D948-4ACB-9502-302D90D6BD40}.Debug|Any CPU.ActiveCfg = Debug|Any CPU
		{FA797B28-D948-4ACB-9502-302D90D6BD40}.Debug|Any CPU.Build.0 = Debug|Any CPU
		{FA797B28-D948-4ACB-9502-302D90D6BD40}.Release|Any CPU.ActiveCfg = Release|Any CPU
		{FA797B28-D948-4ACB-9502-302D90D6BD40}.Release|Any CPU.Build.0 = Release|Any CPU
		{8A533FB3-61E4-4845-8815-361CFDD7FAA1}.Debug|Any CPU.ActiveCfg = Debug|Any CPU
		{8A533FB3-61E4-4845-8815-361CFDD7FAA1}.Debug|Any CPU.Build.0 = Debug|Any CPU
		{8A533FB3-61E4-4845-8815-361CFDD7FAA1}.Release|Any CPU.ActiveCfg = Release|Any CPU
		{8A533FB3-61E4-4845-8815-361CFDD7FAA1}.Release|Any CPU.Build.0 = Release|Any CPU
		{2939A676-77A3-43C2-9E4D-52E12293D427}.Debug|Any CPU.ActiveCfg = Debug|Any CPU
		{2939A676-77A3-43C2-9E4D-52E12293D427}.Debug|Any CPU.Build.0 = Debug|Any CPU
		{2939A676-77A3-43C2-9E4D-52E12293D427}.Release|Any CPU.ActiveCfg = Release|Any CPU
		{2939A676-77A3-43C2-9E4D-52E12293D427}.Release|Any CPU.Build.0 = Release|Any CPU
		{7D313CD5-8DEB-44D0-AF1B-2A793DBCFCB8}.Debug|Any CPU.ActiveCfg = Debug|Any CPU
		{7D313CD5-8DEB-44D0-AF1B-2A793DBCFCB8}.Debug|Any CPU.Build.0 = Debug|Any CPU
		{7D313CD5-8DEB-44D0-AF1B-2A793DBCFCB8}.Release|Any CPU.ActiveCfg = Release|Any CPU
		{7D313CD5-8DEB-44D0-AF1B-2A793DBCFCB8}.Release|Any CPU.Build.0 = Release|Any CPU
		{F92A51D0-1427-4B58-8BA5-FBD2B8D8DB4C}.Debug|Any CPU.ActiveCfg = Debug|Any CPU
		{F92A51D0-1427-4B58-8BA5-FBD2B8D8DB4C}.Debug|Any CPU.Build.0 = Debug|Any CPU
		{F92A51D0-1427-4B58-8BA5-FBD2B8D8DB4C}.Release|Any CPU.ActiveCfg = Release|Any CPU
		{F92A51D0-1427-4B58-8BA5-FBD2B8D8DB4C}.Release|Any CPU.Build.0 = Release|Any CPU
	EndGlobalSection
	GlobalSection(SolutionProperties) = preSolution
		HideSolutionNode = FALSE
	EndGlobalSection
	GlobalSection(ExtensibilityGlobals) = postSolution
		SolutionGuid = {FEDE0B52-4E92-4677-BDD8-B70304EE188D}
	EndGlobalSection
EndGlobal
