
Microsoft Visual Studio Solution File, Format Version 12.00
# Visual Studio Version 16
VisualStudioVersion = 16.0.30907.101
MinimumVisualStudioVersion = 10.0.40219.1
Project("{9A19103F-16F7-4668-BE54-9A1E7A4F7556}") = "Exercise Objects and Classes", "Exercise Objects and Classes\Exercise Objects and Classes.csproj", "{AEA577DC-0C45-4EFC-BB46-3F0B56C47478}"
EndProject
Project("{9A19103F-16F7-4668-BE54-9A1E7A4F7556}") = "ConsoleApp1", "ConsoleApp1\ConsoleApp1.csproj", "{764902FA-E143-490E-8B52-8D978D8D6CE8}"
EndProject
Project("{9A19103F-16F7-4668-BE54-9A1E7A4F7556}") = "4. Students", "4. Students\4. Students.csproj", "{C323FA35-1452-475C-90A1-A9BAB8A19352}"
EndProject
Project("{9A19103F-16F7-4668-BE54-9A1E7A4F7556}") = "5. Vehicle Catalogue", "5. Vehicle Catalogue\5. Vehicle Catalogue.csproj", "{A8F3699C-281A-41F2-B91C-989993214D73}"
EndProject
Project("{FAE04EC0-301F-11D3-BF4B-00C04F79EFBC}") = "6. Order by Age", "6. Order by Age\6. Order by Age.csproj", "{31B06729-F671-4569-874F-8653BA447182}"
EndProject
Global
	GlobalSection(SolutionConfigurationPlatforms) = preSolution
		Debug|Any CPU = Debug|Any CPU
		Release|Any CPU = Release|Any CPU
	EndGlobalSection
	GlobalSection(ProjectConfigurationPlatforms) = postSolution
		{AEA577DC-0C45-4EFC-BB46-3F0B56C47478}.Debug|Any CPU.ActiveCfg = Debug|Any CPU
		{AEA577DC-0C45-4EFC-BB46-3F0B56C47478}.Debug|Any CPU.Build.0 = Debug|Any CPU
		{AEA577DC-0C45-4EFC-BB46-3F0B56C47478}.Release|Any CPU.ActiveCfg = Release|Any CPU
		{AEA577DC-0C45-4EFC-BB46-3F0B56C47478}.Release|Any CPU.Build.0 = Release|Any CPU
		{764902FA-E143-490E-8B52-8D978D8D6CE8}.Debug|Any CPU.ActiveCfg = Debug|Any CPU
		{764902FA-E143-490E-8B52-8D978D8D6CE8}.Debug|Any CPU.Build.0 = Debug|Any CPU
		{764902FA-E143-490E-8B52-8D978D8D6CE8}.Release|Any CPU.ActiveCfg = Release|Any CPU
		{764902FA-E143-490E-8B52-8D978D8D6CE8}.Release|Any CPU.Build.0 = Release|Any CPU
		{C323FA35-1452-475C-90A1-A9BAB8A19352}.Debug|Any CPU.ActiveCfg = Debug|Any CPU
		{C323FA35-1452-475C-90A1-A9BAB8A19352}.Debug|Any CPU.Build.0 = Debug|Any CPU
		{C323FA35-1452-475C-90A1-A9BAB8A19352}.Release|Any CPU.ActiveCfg = Release|Any CPU
		{C323FA35-1452-475C-90A1-A9BAB8A19352}.Release|Any CPU.Build.0 = Release|Any CPU
		{A8F3699C-281A-41F2-B91C-989993214D73}.Debug|Any CPU.ActiveCfg = Debug|Any CPU
		{A8F3699C-281A-41F2-B91C-989993214D73}.Debug|Any CPU.Build.0 = Debug|Any CPU
		{A8F3699C-281A-41F2-B91C-989993214D73}.Release|Any CPU.ActiveCfg = Release|Any CPU
		{A8F3699C-281A-41F2-B91C-989993214D73}.Release|Any CPU.Build.0 = Release|Any CPU
		{31B06729-F671-4569-874F-8653BA447182}.Debug|Any CPU.ActiveCfg = Debug|Any CPU
		{31B06729-F671-4569-874F-8653BA447182}.Debug|Any CPU.Build.0 = Debug|Any CPU
		{31B06729-F671-4569-874F-8653BA447182}.Release|Any CPU.ActiveCfg = Release|Any CPU
		{31B06729-F671-4569-874F-8653BA447182}.Release|Any CPU.Build.0 = Release|Any CPU
	EndGlobalSection
	GlobalSection(SolutionProperties) = preSolution
		HideSolutionNode = FALSE
	EndGlobalSection
	GlobalSection(ExtensibilityGlobals) = postSolution
		SolutionGuid = {C2E34D84-9E17-4DF1-A536-DD0DDE4E8F87}
	EndGlobalSection
EndGlobal
