
Microsoft Visual Studio Solution File, Format Version 12.00
# Visual Studio Version 16
VisualStudioVersion = 16.0.30907.101
MinimumVisualStudioVersion = 10.0.40219.1
Project("{FAE04EC0-301F-11D3-BF4B-00C04F79EFBC}") = "ConsoleApp1", "ConsoleApp1\ConsoleApp1.csproj", "{336046A2-E7CF-452C-A1BB-2B4C998A702B}"
EndProject
Global
	GlobalSection(SolutionConfigurationPlatforms) = preSolution
		Debug|Any CPU = Debug|Any CPU
		Release|Any CPU = Release|Any CPU
	EndGlobalSection
	GlobalSection(ProjectConfigurationPlatforms) = postSolution
		{336046A2-E7CF-452C-A1BB-2B4C998A702B}.Debug|Any CPU.ActiveCfg = Debug|Any CPU
		{336046A2-E7CF-452C-A1BB-2B4C998A702B}.Debug|Any CPU.Build.0 = Debug|Any CPU
		{336046A2-E7CF-452C-A1BB-2B4C998A702B}.Release|Any CPU.ActiveCfg = Release|Any CPU
		{336046A2-E7CF-452C-A1BB-2B4C998A702B}.Release|Any CPU.Build.0 = Release|Any CPU
	EndGlobalSection
	GlobalSection(SolutionProperties) = preSolution
		HideSolutionNode = FALSE
	EndGlobalSection
	GlobalSection(ExtensibilityGlobals) = postSolution
		SolutionGuid = {F908B76B-49F3-4440-9AAD-4A191D28E891}
	EndGlobalSection
EndGlobal
