
Microsoft Visual Studio Solution File, Format Version 12.00
# Visual Studio Version 16
VisualStudioVersion = 16.0.30907.101
MinimumVisualStudioVersion = 10.0.40219.1
Project("{9A19103F-16F7-4668-BE54-9A1E7A4F7556}") = "Exam prep3", "Exam prep3\Exam prep3.csproj", "{F8596AE3-7BC4-4289-AD5B-F1C8CC863559}"
EndProject
Project("{9A19103F-16F7-4668-BE54-9A1E7A4F7556}") = "Problem 1. World Tour", "Problem 1. World Tour\Problem 1. World Tour.csproj", "{D895A31F-A1FE-4E34-AF44-C2870BAEEC6E}"
EndProject
Project("{FAE04EC0-301F-11D3-BF4B-00C04F79EFBC}") = "Problem 2. Destination Mapper", "Problem 2. Destination Mapper\Problem 2. Destination Mapper.csproj", "{599395F6-E533-47A3-9F25-C6BBB4632524}"
EndProject
Global
	GlobalSection(SolutionConfigurationPlatforms) = preSolution
		Debug|Any CPU = Debug|Any CPU
		Release|Any CPU = Release|Any CPU
	EndGlobalSection
	GlobalSection(ProjectConfigurationPlatforms) = postSolution
		{F8596AE3-7BC4-4289-AD5B-F1C8CC863559}.Debug|Any CPU.ActiveCfg = Debug|Any CPU
		{F8596AE3-7BC4-4289-AD5B-F1C8CC863559}.Debug|Any CPU.Build.0 = Debug|Any CPU
		{F8596AE3-7BC4-4289-AD5B-F1C8CC863559}.Release|Any CPU.ActiveCfg = Release|Any CPU
		{F8596AE3-7BC4-4289-AD5B-F1C8CC863559}.Release|Any CPU.Build.0 = Release|Any CPU
		{D895A31F-A1FE-4E34-AF44-C2870BAEEC6E}.Debug|Any CPU.ActiveCfg = Debug|Any CPU
		{D895A31F-A1FE-4E34-AF44-C2870BAEEC6E}.Debug|Any CPU.Build.0 = Debug|Any CPU
		{D895A31F-A1FE-4E34-AF44-C2870BAEEC6E}.Release|Any CPU.ActiveCfg = Release|Any CPU
		{D895A31F-A1FE-4E34-AF44-C2870BAEEC6E}.Release|Any CPU.Build.0 = Release|Any CPU
		{599395F6-E533-47A3-9F25-C6BBB4632524}.Debug|Any CPU.ActiveCfg = Debug|Any CPU
		{599395F6-E533-47A3-9F25-C6BBB4632524}.Debug|Any CPU.Build.0 = Debug|Any CPU
		{599395F6-E533-47A3-9F25-C6BBB4632524}.Release|Any CPU.ActiveCfg = Release|Any CPU
		{599395F6-E533-47A3-9F25-C6BBB4632524}.Release|Any CPU.Build.0 = Release|Any CPU
	EndGlobalSection
	GlobalSection(SolutionProperties) = preSolution
		HideSolutionNode = FALSE
	EndGlobalSection
	GlobalSection(ExtensibilityGlobals) = postSolution
		SolutionGuid = {D97103A8-F44C-4A0A-B565-D36C0C49D199}
	EndGlobalSection
EndGlobal
