
Microsoft Visual Studio Solution File, Format Version 12.00
# Visual Studio Version 16
VisualStudioVersion = 16.0.30907.101
MinimumVisualStudioVersion = 10.0.40219.1
Project("{9A19103F-16F7-4668-BE54-9A1E7A4F7556}") = "Methods - Exercise", "Methods - Exercise\Methods - Exercise.csproj", "{EB74A363-C88B-468E-9109-5C54318C00BD}"
EndProject
Project("{9A19103F-16F7-4668-BE54-9A1E7A4F7556}") = "Vowels Count", "Vowels Count\Vowels Count.csproj", "{C5EAA673-BD5D-4B10-B8FF-6C47C61170EB}"
EndProject
Project("{9A19103F-16F7-4668-BE54-9A1E7A4F7556}") = "Characters in Range", "Characters in Range\Characters in Range.csproj", "{5DEC0438-65DA-4E70-BE44-3815D06B25DE}"
EndProject
Project("{9A19103F-16F7-4668-BE54-9A1E7A4F7556}") = "Password Validator", "Password Validator\Password Validator.csproj", "{83DDE48B-2538-4DD1-BE1B-3BA634AA5509}"
EndProject
Project("{9A19103F-16F7-4668-BE54-9A1E7A4F7556}") = "Add and Subtract", "Add and Subtract\Add and Subtract.csproj", "{2B1BBC59-23D3-40BF-89E0-F3CD4BF0C4F2}"
EndProject
Project("{9A19103F-16F7-4668-BE54-9A1E7A4F7556}") = "Middle Characters", "Middle Characters\Middle Characters.csproj", "{DB4BF440-18FE-4533-811E-D7AC4CF1A888}"
EndProject
Project("{9A19103F-16F7-4668-BE54-9A1E7A4F7556}") = "NxN Matrix", "NxN Matrix\NxN Matrix.csproj", "{5EE6BDD5-747F-45DE-A535-62821C659948}"
EndProject
Project("{9A19103F-16F7-4668-BE54-9A1E7A4F7556}") = "Factorial Division", "Factorial Division\Factorial Division.csproj", "{C8B6CF1B-0174-4C67-B782-20FF038B4FC8}"
EndProject
Project("{9A19103F-16F7-4668-BE54-9A1E7A4F7556}") = "Palindrome Integers", "Palindrome Integers\Palindrome Integers.csproj", "{B036AC8C-EBBF-47ED-A79F-208E504109F2}"
EndProject
Project("{FAE04EC0-301F-11D3-BF4B-00C04F79EFBC}") = "Test", "Test\Test.csproj", "{8B4E5B0E-FB50-4834-9CEA-8A74DB489D1B}"
EndProject
Project("{FAE04EC0-301F-11D3-BF4B-00C04F79EFBC}") = "Top Number", "Top Number\Top Number.csproj", "{CB1A15F6-0771-4281-8EC3-4738596CF597}"
EndProject
Project("{FAE04EC0-301F-11D3-BF4B-00C04F79EFBC}") = "Array Manipulator", "Array Manipulator\Array Manipulator.csproj", "{6B53A0DA-E97A-4C21-8763-2EB9942ADD0D}"
EndProject
Global
	GlobalSection(SolutionConfigurationPlatforms) = preSolution
		Debug|Any CPU = Debug|Any CPU
		Release|Any CPU = Release|Any CPU
	EndGlobalSection
	GlobalSection(ProjectConfigurationPlatforms) = postSolution
		{EB74A363-C88B-468E-9109-5C54318C00BD}.Debug|Any CPU.ActiveCfg = Debug|Any CPU
		{EB74A363-C88B-468E-9109-5C54318C00BD}.Debug|Any CPU.Build.0 = Debug|Any CPU
		{EB74A363-C88B-468E-9109-5C54318C00BD}.Release|Any CPU.ActiveCfg = Release|Any CPU
		{EB74A363-C88B-468E-9109-5C54318C00BD}.Release|Any CPU.Build.0 = Release|Any CPU
		{C5EAA673-BD5D-4B10-B8FF-6C47C61170EB}.Debug|Any CPU.ActiveCfg = Debug|Any CPU
		{C5EAA673-BD5D-4B10-B8FF-6C47C61170EB}.Debug|Any CPU.Build.0 = Debug|Any CPU
		{C5EAA673-BD5D-4B10-B8FF-6C47C61170EB}.Release|Any CPU.ActiveCfg = Release|Any CPU
		{C5EAA673-BD5D-4B10-B8FF-6C47C61170EB}.Release|Any CPU.Build.0 = Release|Any CPU
		{5DEC0438-65DA-4E70-BE44-3815D06B25DE}.Debug|Any CPU.ActiveCfg = Debug|Any CPU
		{5DEC0438-65DA-4E70-BE44-3815D06B25DE}.Debug|Any CPU.Build.0 = Debug|Any CPU
		{5DEC0438-65DA-4E70-BE44-3815D06B25DE}.Release|Any CPU.ActiveCfg = Release|Any CPU
		{5DEC0438-65DA-4E70-BE44-3815D06B25DE}.Release|Any CPU.Build.0 = Release|Any CPU
		{83DDE48B-2538-4DD1-BE1B-3BA634AA5509}.Debug|Any CPU.ActiveCfg = Debug|Any CPU
		{83DDE48B-2538-4DD1-BE1B-3BA634AA5509}.Debug|Any CPU.Build.0 = Debug|Any CPU
		{83DDE48B-2538-4DD1-BE1B-3BA634AA5509}.Release|Any CPU.ActiveCfg = Release|Any CPU
		{83DDE48B-2538-4DD1-BE1B-3BA634AA5509}.Release|Any CPU.Build.0 = Release|Any CPU
		{2B1BBC59-23D3-40BF-89E0-F3CD4BF0C4F2}.Debug|Any CPU.ActiveCfg = Debug|Any CPU
		{2B1BBC59-23D3-40BF-89E0-F3CD4BF0C4F2}.Debug|Any CPU.Build.0 = Debug|Any CPU
		{2B1BBC59-23D3-40BF-89E0-F3CD4BF0C4F2}.Release|Any CPU.ActiveCfg = Release|Any CPU
		{2B1BBC59-23D3-40BF-89E0-F3CD4BF0C4F2}.Release|Any CPU.Build.0 = Release|Any CPU
		{DB4BF440-18FE-4533-811E-D7AC4CF1A888}.Debug|Any CPU.ActiveCfg = Debug|Any CPU
		{DB4BF440-18FE-4533-811E-D7AC4CF1A888}.Debug|Any CPU.Build.0 = Debug|Any CPU
		{DB4BF440-18FE-4533-811E-D7AC4CF1A888}.Release|Any CPU.ActiveCfg = Release|Any CPU
		{DB4BF440-18FE-4533-811E-D7AC4CF1A888}.Release|Any CPU.Build.0 = Release|Any CPU
		{5EE6BDD5-747F-45DE-A535-62821C659948}.Debug|Any CPU.ActiveCfg = Debug|Any CPU
		{5EE6BDD5-747F-45DE-A535-62821C659948}.Debug|Any CPU.Build.0 = Debug|Any CPU
		{5EE6BDD5-747F-45DE-A535-62821C659948}.Release|Any CPU.ActiveCfg = Release|Any CPU
		{5EE6BDD5-747F-45DE-A535-62821C659948}.Release|Any CPU.Build.0 = Release|Any CPU
		{C8B6CF1B-0174-4C67-B782-20FF038B4FC8}.Debug|Any CPU.ActiveCfg = Debug|Any CPU
		{C8B6CF1B-0174-4C67-B782-20FF038B4FC8}.Debug|Any CPU.Build.0 = Debug|Any CPU
		{C8B6CF1B-0174-4C67-B782-20FF038B4FC8}.Release|Any CPU.ActiveCfg = Release|Any CPU
		{C8B6CF1B-0174-4C67-B782-20FF038B4FC8}.Release|Any CPU.Build.0 = Release|Any CPU
		{B036AC8C-EBBF-47ED-A79F-208E504109F2}.Debug|Any CPU.ActiveCfg = Debug|Any CPU
		{B036AC8C-EBBF-47ED-A79F-208E504109F2}.Debug|Any CPU.Build.0 = Debug|Any CPU
		{B036AC8C-EBBF-47ED-A79F-208E504109F2}.Release|Any CPU.ActiveCfg = Release|Any CPU
		{B036AC8C-EBBF-47ED-A79F-208E504109F2}.Release|Any CPU.Build.0 = Release|Any CPU
		{8B4E5B0E-FB50-4834-9CEA-8A74DB489D1B}.Debug|Any CPU.ActiveCfg = Debug|Any CPU
		{8B4E5B0E-FB50-4834-9CEA-8A74DB489D1B}.Debug|Any CPU.Build.0 = Debug|Any CPU
		{8B4E5B0E-FB50-4834-9CEA-8A74DB489D1B}.Release|Any CPU.ActiveCfg = Release|Any CPU
		{8B4E5B0E-FB50-4834-9CEA-8A74DB489D1B}.Release|Any CPU.Build.0 = Release|Any CPU
		{CB1A15F6-0771-4281-8EC3-4738596CF597}.Debug|Any CPU.ActiveCfg = Debug|Any CPU
		{CB1A15F6-0771-4281-8EC3-4738596CF597}.Debug|Any CPU.Build.0 = Debug|Any CPU
		{CB1A15F6-0771-4281-8EC3-4738596CF597}.Release|Any CPU.ActiveCfg = Release|Any CPU
		{CB1A15F6-0771-4281-8EC3-4738596CF597}.Release|Any CPU.Build.0 = Release|Any CPU
		{6B53A0DA-E97A-4C21-8763-2EB9942ADD0D}.Debug|Any CPU.ActiveCfg = Debug|Any CPU
		{6B53A0DA-E97A-4C21-8763-2EB9942ADD0D}.Debug|Any CPU.Build.0 = Debug|Any CPU
		{6B53A0DA-E97A-4C21-8763-2EB9942ADD0D}.Release|Any CPU.ActiveCfg = Release|Any CPU
		{6B53A0DA-E97A-4C21-8763-2EB9942ADD0D}.Release|Any CPU.Build.0 = Release|Any CPU
	EndGlobalSection
	GlobalSection(SolutionProperties) = preSolution
		HideSolutionNode = FALSE
	EndGlobalSection
	GlobalSection(ExtensibilityGlobals) = postSolution
		SolutionGuid = {F4835E4B-A1B6-4B5A-9360-5EEDDC2E91E6}
	EndGlobalSection
EndGlobal
